{
  "name": "encrypted-request-proxy-example",
  "lockfileVersion": 3,
  "requires": true,
  "packages": {
    "": {
      "dependencies": {
        "tinfoil": "^0.11.7"
      },
      "devDependencies": {
        "vite": "^7.1.9"
      }
    },
    "node_modules/@ai-sdk/openai-compatible": {
      "version": "1.0.19",
      "resolved": "https://registry.npmjs.org/@ai-sdk/openai-compatible/-/openai-compatible-1.0.19.tgz",
      "integrity": "sha512-hnsqPCCSNKgpZRNDOAIXZs7OcUDM4ut5ggWxj2sjB4tNL/aBn/xrM7pJkqu+WuPowyrE60wPVSlw0LvtXAlMXQ==",
      "license": "Apache-2.0",
      "dependencies": {
        "@ai-sdk/provider": "2.0.0",
        "@ai-sdk/provider-utils": "3.0.10"
      },
      "engines": {
        "node": ">=18"
      },
      "peerDependencies": {
        "zod": "^3.25.76 || ^4.1.8"
      }
    },
    "node_modules/@ai-sdk/provider": {
      "version": "2.0.0",
      "resolved": "https://registry.npmjs.org/@ai-sdk/provider/-/provider-2.0.0.tgz",
      "integrity": "sha512-6o7Y2SeO9vFKB8lArHXehNuusnpddKPk7xqL7T2/b+OvXMRIXUO1rR4wcv1hAFUAT9avGZshty3Wlua/XA7TvA==",
      "license": "Apache-2.0",
      "dependencies": {
        "json-schema": "^0.4.0"
      },
      "engines": {
        "node": ">=18"
      }
    },
    "node_modules/@ai-sdk/provider-utils": {
      "version": "3.0.10",
      "resolved": "https://registry.npmjs.org/@ai-sdk/provider-utils/-/provider-utils-3.0.10.tgz",
      "integrity": "sha512-T1gZ76gEIwffep6MWI0QNy9jgoybUHE7TRaHB5k54K8mF91ciGFlbtCGxDYhMH3nCRergKwYFIDeFF0hJSIQHQ==",
      "license": "Apache-2.0",
      "dependencies": {
        "@ai-sdk/provider": "2.0.0",
        "@standard-schema/spec": "^1.0.0",
        "eventsource-parser": "^3.0.5"
      },
      "engines": {
        "node": ">=18"
      },
      "peerDependencies": {
        "zod": "^3.25.76 || ^4.1.8"
      }
    },
    "node_modules/@esbuild/darwin-arm64": {
      "version": "0.25.10",
      "cpu": [
        "arm64"
      ],
      "dev": true,
      "license": "MIT",
      "optional": true,
      "os": [
        "darwin"
      ],
      "engines": {
        "node": ">=18"
      }
    },
    "node_modules/@freedomofpress/crypto-browser": {
      "version": "0.1.6",
      "resolved": "https://registry.npmjs.org/@freedomofpress/crypto-browser/-/crypto-browser-0.1.6.tgz",
      "integrity": "sha512-2tCPDKefb7gLzwmBNdCLmLq1h1mPLaHgPYdY+cJjX8W+FjoWZh6VenLEqvNQ7sznAJfagMQJoWHnh53GkG0I2g==",
      "license": "Apache-2.0",
      "dependencies": {
        "@noble/curves": "^1.6.0"
      },
      "peerDependencies": {
        "@noble/curves": "^1.6.0"
      }
    },
    "node_modules/@freedomofpress/crypto-browser/node_modules/@noble/curves": {
      "version": "1.9.7",
      "resolved": "https://registry.npmjs.org/@noble/curves/-/curves-1.9.7.tgz",
      "integrity": "sha512-gbKGcRUYIjA3/zCCNaWDciTMFI0dCkvou3TL8Zmy5Nc7sJ47a0jtOeZoTaMxkuqRo9cRhjOdZJXegxYE5FN/xw==",
      "license": "MIT",
      "dependencies": {
        "@noble/hashes": "1.8.0"
      },
      "engines": {
        "node": "^14.21.3 || >=16"
      },
      "funding": {
        "url": "https://paulmillr.com/funding/"
      }
    },
    "node_modules/@freedomofpress/crypto-browser/node_modules/@noble/hashes": {
      "version": "1.8.0",
      "resolved": "https://registry.npmjs.org/@noble/hashes/-/hashes-1.8.0.tgz",
      "integrity": "sha512-jCs9ldd7NwzpgXDIf6P3+NrHh9/sD6CQdxHyjQI+h/6rDNo88ypBxxz45UDuZHz9r3tNz7N/VInSVoVdtXEI4A==",
      "license": "MIT",
      "engines": {
        "node": "^14.21.3 || >=16"
      },
      "funding": {
        "url": "https://paulmillr.com/funding/"
      }
    },
    "node_modules/@freedomofpress/sigstore-browser": {
      "version": "0.1.11",
      "resolved": "https://registry.npmjs.org/@freedomofpress/sigstore-browser/-/sigstore-browser-0.1.11.tgz",
      "integrity": "sha512-woXCq/mY+vdldq8wm8JYdbaGcEWEB/oaS6c/eaJYfIb036Z/+HQ4D6/sSk7hK67nBzFLFYPzxwSb2FR+mzmidg==",
      "license": "MIT",
      "dependencies": {
        "@freedomofpress/crypto-browser": "^0.1.4",
        "@freedomofpress/tuf-browser": "^0.1.8",
        "@noble/curves": "^2.0.1"
      }
    },
    "node_modules/@freedomofpress/tuf-browser": {
      "version": "0.1.8",
      "resolved": "https://registry.npmjs.org/@freedomofpress/tuf-browser/-/tuf-browser-0.1.8.tgz",
      "integrity": "sha512-NdungNe3/rf10EO7LdsHS8GHhL6k2epfeTlf1lLRdw58gSxxNVpWOJIvPc+9qSNoelNN+OIPCSHgVALhI1Yvcg==",
      "license": "MIT",
      "dependencies": {
        "@freedomofpress/crypto-browser": "^0.1.3"
      }
    },
    "node_modules/@noble/curves": {
      "version": "2.0.1",
      "resolved": "https://registry.npmjs.org/@noble/curves/-/curves-2.0.1.tgz",
      "integrity": "sha512-vs1Az2OOTBiP4q0pwjW5aF0xp9n4MxVrmkFBxc6EKZc6ddYx5gaZiAsZoq0uRRXWbi3AT/sBqn05eRPtn1JCPw==",
      "license": "MIT",
      "dependencies": {
        "@noble/hashes": "2.0.1"
      },
      "engines": {
        "node": ">= 20.19.0"
      },
      "funding": {
        "url": "https://paulmillr.com/funding/"
      }
    },
    "node_modules/@noble/hashes": {
      "version": "2.0.1",
      "resolved": "https://registry.npmjs.org/@noble/hashes/-/hashes-2.0.1.tgz",
      "integrity": "sha512-XlOlEbQcE9fmuXxrVTXCTlG2nlRXa9Rj3rr5Ue/+tX+nmkgbX720YHh0VR3hBF9xDvwnb8D2shVGOwNx+ulArw==",
      "license": "MIT",
      "engines": {
        "node": ">= 20.19.0"
      },
      "funding": {
        "url": "https://paulmillr.com/funding/"
      }
    },
    "node_modules/@rollup/rollup-darwin-arm64": {
      "version": "4.52.3",
      "cpu": [
        "arm64"
      ],
      "dev": true,
      "license": "MIT",
      "optional": true,
      "os": [
        "darwin"
      ]
    },
    "node_modules/@standard-schema/spec": {
      "version": "1.0.0",
      "resolved": "https://registry.npmjs.org/@standard-schema/spec/-/spec-1.0.0.tgz",
      "integrity": "sha512-m2bOd0f2RT9k8QJx1JN85cZYyH1RqFBdlwtkSlf4tBDYLCiiZnv1fIIwacK6cqwXavOydf0NPToMQgpKq+dVlA==",
      "license": "MIT"
    },
    "node_modules/@tinfoilsh/verifier": {
      "version": "0.1.8",
      "resolved": "https://registry.npmjs.org/@tinfoilsh/verifier/-/verifier-0.1.8.tgz",
      "integrity": "sha512-rxzC++PvzVHF0AYwzKUUuTEdJbYPnkspZe4O0y8CNAl2gyl1FTMH9ulrDTKaUFtS5nIqmcLgVzMOsLYHkhvlAw==",
      "license": "AGPL-3.0-or-later",
      "dependencies": {
        "@freedomofpress/crypto-browser": "^0.1.6",
        "@freedomofpress/sigstore-browser": "^0.1.11",
        "@freedomofpress/tuf-browser": "^0.1.8"
      },
      "engines": {
        "node": ">=20"
      }
    },
    "node_modules/@types/estree": {
      "version": "1.0.8",
      "dev": true,
      "license": "MIT"
    },
    "node_modules/ehbp": {
      "version": "0.1.1",
      "resolved": "https://registry.npmjs.org/ehbp/-/ehbp-0.1.1.tgz",
      "integrity": "sha512-LSWEr+w1Ns/yjNdzBpwB09kvWxh030h31SPRcOLHfo+7QCV5nL3v9Bs8tIK2HWGBPeIsmYwXeOBvDHJ/6Urcmg==",
      "license": "MIT",
      "dependencies": {
        "hpke": "^1.0.1"
      },
      "engines": {
        "node": ">=20.0.0"
      }
    },
    "node_modules/esbuild": {
      "version": "0.25.10",
      "dev": true,
      "hasInstallScript": true,
      "license": "MIT",
      "bin": {
        "esbuild": "bin/esbuild"
      },
      "engines": {
        "node": ">=18"
      },
      "optionalDependencies": {
        "@esbuild/aix-ppc64": "0.25.10",
        "@esbuild/android-arm": "0.25.10",
        "@esbuild/android-arm64": "0.25.10",
        "@esbuild/android-x64": "0.25.10",
        "@esbuild/darwin-arm64": "0.25.10",
        "@esbuild/darwin-x64": "0.25.10",
        "@esbuild/freebsd-arm64": "0.25.10",
        "@esbuild/freebsd-x64": "0.25.10",
        "@esbuild/linux-arm": "0.25.10",
        "@esbuild/linux-arm64": "0.25.10",
        "@esbuild/linux-ia32": "0.25.10",
        "@esbuild/linux-loong64": "0.25.10",
        "@esbuild/linux-mips64el": "0.25.10",
        "@esbuild/linux-ppc64": "0.25.10",
        "@esbuild/linux-riscv64": "0.25.10",
        "@esbuild/linux-s390x": "0.25.10",
        "@esbuild/linux-x64": "0.25.10",
        "@esbuild/netbsd-arm64": "0.25.10",
        "@esbuild/netbsd-x64": "0.25.10",
        "@esbuild/openbsd-arm64": "0.25.10",
        "@esbuild/openbsd-x64": "0.25.10",
        "@esbuild/openharmony-arm64": "0.25.10",
        "@esbuild/sunos-x64": "0.25.10",
        "@esbuild/win32-arm64": "0.25.10",
        "@esbuild/win32-ia32": "0.25.10",
        "@esbuild/win32-x64": "0.25.10"
      }
    },
    "node_modules/eventsource-parser": {
      "version": "3.0.6",
      "resolved": "https://registry.npmjs.org/eventsource-parser/-/eventsource-parser-3.0.6.tgz",
      "integrity": "sha512-Vo1ab+QXPzZ4tCa8SwIHJFaSzy4R6SHf7BY79rFBDf0idraZWAkYrDjDj8uWaSm3S2TK+hJ7/t1CEmZ7jXw+pg==",
      "license": "MIT",
      "engines": {
        "node": ">=18.0.0"
      }
    },
    "node_modules/fdir": {
      "version": "6.5.0",
      "dev": true,
      "license": "MIT",
      "engines": {
        "node": ">=12.0.0"
      },
      "peerDependencies": {
        "picomatch": "^3 || ^4"
      },
      "peerDependenciesMeta": {
        "picomatch": {
          "optional": true
        }
      }
    },
    "node_modules/fsevents": {
      "version": "2.3.3",
      "resolved": "https://registry.npmjs.org/fsevents/-/fsevents-2.3.3.tgz",
      "integrity": "sha512-5xoDfX+fL7faATnagmWPpbFtwh/R77WmMMqqHGS65C3vvB0YHrgF+B1YmZ3441tMj5n63k0212XNoJwzlhffQw==",
      "dev": true,
      "hasInstallScript": true,
      "license": "MIT",
      "optional": true,
      "os": [
        "darwin"
      ],
      "engines": {
        "node": "^8.16.0 || ^10.6.0 || >=11.0.0"
      }
    },
    "node_modules/hpke": {
      "version": "1.0.1",
      "resolved": "https://registry.npmjs.org/hpke/-/hpke-1.0.1.tgz",
      "integrity": "sha512-9skVQVLoPi3JiJsV7bMRzgT0qtYxbQAMqGEMODuuJNP0Qlle7gZnPnrCbN5WtTw8KKLtzfit1OOhXKyc64lndA==",
      "license": "MIT",
      "funding": {
        "url": "https://github.com/sponsors/panva"
      }
    },
    "node_modules/json-schema": {
      "version": "0.4.0",
      "resolved": "https://registry.npmjs.org/json-schema/-/json-schema-0.4.0.tgz",
      "integrity": "sha512-es94M3nTIfsEPisRafak+HDLfHXnKBhV3vU5eqPcS3flIWqcxJWgXHXiey3YrpaNsanY5ei1VoYEbOzijuq9BA==",
      "license": "(AFL-2.1 OR BSD-3-Clause)"
    },
    "node_modules/nanoid": {
      "version": "3.3.11",
      "dev": true,
      "funding": [
        {
          "type": "github",
          "url": "https://github.com/sponsors/ai"
        }
      ],
      "license": "MIT",
      "bin": {
        "nanoid": "bin/nanoid.cjs"
      },
      "engines": {
        "node": "^10 || ^12 || ^13.7 || ^14 || >=15.0.1"
      }
    },
    "node_modules/openai": {
      "version": "5.23.2",
      "resolved": "https://registry.npmjs.org/openai/-/openai-5.23.2.tgz",
      "integrity": "sha512-MQBzmTulj+MM5O8SKEk/gL8a7s5mktS9zUtAkU257WjvobGc9nKcBuVwjyEEcb9SI8a8Y2G/mzn3vm9n1Jlleg==",
      "license": "Apache-2.0",
      "bin": {
        "openai": "bin/cli"
      },
      "peerDependencies": {
        "ws": "^8.18.0",
        "zod": "^3.23.8"
      },
      "peerDependenciesMeta": {
        "ws": {
          "optional": true
        },
        "zod": {
          "optional": true
        }
      }
    },
    "node_modules/picocolors": {
      "version": "1.1.1",
      "dev": true,
      "license": "ISC"
    },
    "node_modules/picomatch": {
      "version": "4.0.3",
      "dev": true,
      "license": "MIT",
      "engines": {
        "node": ">=12"
      },
      "funding": {
        "url": "https://github.com/sponsors/jonschlinkert"
      }
    },
    "node_modules/postcss": {
      "version": "8.5.6",
      "dev": true,
      "funding": [
        {
          "type": "opencollective",
          "url": "https://opencollective.com/postcss/"
        },
        {
          "type": "tidelift",
          "url": "https://tidelift.com/funding/github/npm/postcss"
        },
        {
          "type": "github",
          "url": "https://github.com/sponsors/ai"
        }
      ],
      "license": "MIT",
      "dependencies": {
        "nanoid": "^3.3.11",
        "picocolors": "^1.1.1",
        "source-map-js": "^1.2.1"
      },
      "engines": {
        "node": "^10 || ^12 || >=14"
      }
    },
    "node_modules/rollup": {
      "version": "4.52.3",
      "dev": true,
      "license": "MIT",
      "dependencies": {
        "@types/estree": "1.0.8"
      },
      "bin": {
        "rollup": "dist/bin/rollup"
      },
      "engines": {
        "node": ">=18.0.0",
        "npm": ">=8.0.0"
      },
      "optionalDependencies": {
        "@rollup/rollup-android-arm-eabi": "4.52.3",
        "@rollup/rollup-android-arm64": "4.52.3",
        "@rollup/rollup-darwin-arm64": "4.52.3",
        "@rollup/rollup-darwin-x64": "4.52.3",
        "@rollup/rollup-freebsd-arm64": "4.52.3",
        "@rollup/rollup-freebsd-x64": "4.52.3",
        "@rollup/rollup-linux-arm-gnueabihf": "4.52.3",
        "@rollup/rollup-linux-arm-musleabihf": "4.52.3",
        "@rollup/rollup-linux-arm64-gnu": "4.52.3",
        "@rollup/rollup-linux-arm64-musl": "4.52.3",
        "@rollup/rollup-linux-loong64-gnu": "4.52.3",
        "@rollup/rollup-linux-ppc64-gnu": "4.52.3",
        "@rollup/rollup-linux-riscv64-gnu": "4.52.3",
        "@rollup/rollup-linux-riscv64-musl": "4.52.3",
        "@rollup/rollup-linux-s390x-gnu": "4.52.3",
        "@rollup/rollup-linux-x64-gnu": "4.52.3",
        "@rollup/rollup-linux-x64-musl": "4.52.3",
        "@rollup/rollup-openharmony-arm64": "4.52.3",
        "@rollup/rollup-win32-arm64-msvc": "4.52.3",
        "@rollup/rollup-win32-ia32-msvc": "4.52.3",
        "@rollup/rollup-win32-x64-gnu": "4.52.3",
        "@rollup/rollup-win32-x64-msvc": "4.52.3",
        "fsevents": "~2.3.2"
      }
    },
    "node_modules/source-map-js": {
      "version": "1.2.1",
      "dev": true,
      "license": "BSD-3-Clause",
      "engines": {
        "node": ">=0.10.0"
      }
    },
    "node_modules/tinfoil": {
      "version": "0.11.7",
      "resolved": "https://registry.npmjs.org/tinfoil/-/tinfoil-0.11.7.tgz",
      "integrity": "sha512-r5wsvq5DDXp45N6VIsJX3pRFIPdM6OWd7dOH4xQ6N2NI0b26cfkvzcxdgCWDn9+i68NQ540SknNBItrj0TP99A==",
      "license": "AGPL-3.0-or-later",
      "dependencies": {
        "@ai-sdk/openai-compatible": "^1.0.10",
        "@freedomofpress/sigstore-browser": "^0.1.11",
        "@tinfoilsh/verifier": "0.1.8",
        "ehbp": "^0.1.1",
        "openai": "^5.13.1"
      },
      "engines": {
        "node": ">=20"
      },
      "peerDependencies": {
        "ai": "^5.0.19"
      },
      "peerDependenciesMeta": {
        "ai": {
          "optional": true
        }
      }
    },
    "node_modules/tinyglobby": {
      "version": "0.2.15",
      "dev": true,
      "license": "MIT",
      "dependencies": {
        "fdir": "^6.5.0",
        "picomatch": "^4.0.3"
      },
      "engines": {
        "node": ">=12.0.0"
      },
      "funding": {
        "url": "https://github.com/sponsors/SuperchupuDev"
      }
    },
    "node_modules/vite": {
      "version": "7.1.9",
      "resolved": "https://registry.npmjs.org/vite/-/vite-7.1.9.tgz",
      "integrity": "sha512-4nVGliEpxmhCL8DslSAUdxlB6+SMrhB0a1v5ijlh1xB1nEPuy1mxaHxysVucLHuWryAxLWg6a5ei+U4TLn/rFg==",
      "dev": true,
      "license": "MIT",
      "dependencies": {
        "esbuild": "^0.25.0",
        "fdir": "^6.5.0",
        "picomatch": "^4.0.3",
        "postcss": "^8.5.6",
        "rollup": "^4.43.0",
        "tinyglobby": "^0.2.15"
      },
      "bin": {
        "vite": "bin/vite.js"
      },
      "engines": {
        "node": "^20.19.0 || >=22.12.0"
      },
      "funding": {
        "url": "https://github.com/vitejs/vite?sponsor=1"
      },
      "optionalDependencies": {
        "fsevents": "~2.3.3"
      },
      "peerDependencies": {
        "@types/node": "^20.19.0 || >=22.12.0",
        "jiti": ">=1.21.0",
        "less": "^4.0.0",
        "lightningcss": "^1.21.0",
        "sass": "^1.70.0",
        "sass-embedded": "^1.70.0",
        "stylus": ">=0.54.8",
        "sugarss": "^5.0.0",
        "terser": "^5.16.0",
        "tsx": "^4.8.1",
        "yaml": "^2.4.2"
      },
      "peerDependenciesMeta": {
        "@types/node": {
          "optional": true
        },
        "jiti": {
          "optional": true
        },
        "less": {
          "optional": true
        },
        "lightningcss": {
          "optional": true
        },
        "sass": {
          "optional": true
        },
        "sass-embedded": {
          "optional": true
        },
        "stylus": {
          "optional": true
        },
        "sugarss": {
          "optional": true
        },
        "terser": {
          "optional": true
        },
        "tsx": {
          "optional": true
        },
        "yaml": {
          "optional": true
        }
      }
    },
    "node_modules/zod": {
      "version": "3.25.76",
      "resolved": "https://registry.npmjs.org/zod/-/zod-3.25.76.tgz",
      "integrity": "sha512-gzUt/qt81nXsFGKIFcC3YnfEAx5NkunCfnDlvuBSSFS02bcXu4Lmea0AFIUwbLWxWPx3d9p8S5QoaujKcNQxcQ==",
      "license": "MIT",
      "peer": true,
      "funding": {
        "url": "https://github.com/sponsors/colinhacks"
      }
    }
  }
}
